
Microsoft Visual Studio Solution File, Format Version 12.00
# Visual Studio 14
VisualStudioVersion = 14.0.25420.1
MinimumVisualStudioVersion = 10.0.40219.1
Project("{FAE04EC0-301F-11D3-BF4B-00C04F79EFBC}") = "ClientApp", "ClientApp\ClientApp.csproj", "{C74DE482-71FA-4AF7-BFBA-AA5E3A50AD27}"
EndProject
Project("{FAE04EC0-301F-11D3-BF4B-00C04F79EFBC}") = "ServerApp", "ServerApp\ServerApp.csproj", "{99D9042B-891F-4CED-8A82-C9257E4CC81D}"
EndProject
Global
	GlobalSection(SolutionConfigurationPlatforms) = preSolution
		Debug|Any CPU = Debug|Any CPU
		Release|Any CPU = Release|Any CPU
	EndGlobalSection
	GlobalSection(ProjectConfigurationPlatforms) = postSolution
		{C74DE482-71FA-4AF7-BFBA-AA5E3A50AD27}.Debug|Any CPU.ActiveCfg = Debug|Any CPU
		{C74DE482-71FA-4AF7-BFBA-AA5E3A50AD27}.Debug|Any CPU.Build.0 = Debug|Any CPU
		{C74DE482-71FA-4AF7-BFBA-AA5E3A50AD27}.Release|Any CPU.ActiveCfg = Release|Any CPU
		{C74DE482-71FA-4AF7-BFBA-AA5E3A50AD27}.Release|Any CPU.Build.0 = Release|Any CPU
		{99D9042B-891F-4CED-8A82-C9257E4CC81D}.Debug|Any CPU.ActiveCfg = Debug|Any CPU
		{99D9042B-891F-4CED-8A82-C9257E4CC81D}.Debug|Any CPU.Build.0 = Debug|Any CPU
		{99D9042B-891F-4CED-8A82-C9257E4CC81D}.Release|Any CPU.ActiveCfg = Release|Any CPU
		{99D9042B-891F-4CED-8A82-C9257E4CC81D}.Release|Any CPU.Build.0 = Release|Any CPU
	EndGlobalSection
	GlobalSection(SolutionProperties) = preSolution
		HideSolutionNode = FALSE
	EndGlobalSection
EndGlobal
